
Microsoft Visual Studio Solution File, Format Version 12.00
# Visual Studio Version 16
VisualStudioVersion = 16.0.29102.190
MinimumVisualStudioVersion = 10.0.40219.1
Project("{FAE04EC0-301F-11D3-BF4B-00C04F79EFBC}") = "Demonstrations", "Demonstrations\Demonstrations.csproj", "{267A3C5D-EB47-4FAC-9E15-0D86101FE83D}"
EndProject
Global
	GlobalSection(SolutionConfigurationPlatforms) = preSolution
		Debug|Any CPU = Debug|Any CPU
		Release|Any CPU = Release|Any CPU
	EndGlobalSection
	GlobalSection(ProjectConfigurationPlatforms) = postSolution
		{267A3C5D-EB47-4FAC-9E15-0D86101FE83D}.Debug|Any CPU.ActiveCfg = Debug|Any CPU
		{267A3C5D-EB47-4FAC-9E15-0D86101FE83D}.Debug|Any CPU.Build.0 = Debug|Any CPU
		{267A3C5D-EB47-4FAC-9E15-0D86101FE83D}.Release|Any CPU.ActiveCfg = Release|Any CPU
		{267A3C5D-EB47-4FAC-9E15-0D86101FE83D}.Release|Any CPU.Build.0 = Release|Any CPU
	EndGlobalSection
	GlobalSection(SolutionProperties) = preSolution
		HideSolutionNode = FALSE
	EndGlobalSection
	GlobalSection(ExtensibilityGlobals) = postSolution
		SolutionGuid = {70FE92AC-E3BA-4D45-B41B-56309AF28ED3}
	EndGlobalSection
EndGlobal
